
Microsoft Visual Studio Solution File, Format Version 11.00
# Visual Studio 2010
Project("{FAE04EC0-301F-11D3-BF4B-00C04F79EFBC}") = "WpfLocalization", "WpfLocalization\WpfLocalization.csproj", "{6D1E1B21-85FB-495F-A190-5100188A00AE}"
EndProject
Project("{FAE04EC0-301F-11D3-BF4B-00C04F79EFBC}") = "Demo", "Demo\Demo.csproj", "{AEFD0139-0D81-4903-AEB6-1984FE4F5853}"
EndProject
Global
	GlobalSection(SolutionConfigurationPlatforms) = preSolution
		Debug|Any CPU = Debug|Any CPU
		Release|Any CPU = Release|Any CPU
	EndGlobalSection
	GlobalSection(ProjectConfigurationPlatforms) = postSolution
		{6D1E1B21-85FB-495F-A190-5100188A00AE}.Debug|Any CPU.ActiveCfg = Debug|Any CPU
		{6D1E1B21-85FB-495F-A190-5100188A00AE}.Debug|Any CPU.Build.0 = Debug|Any CPU
		{6D1E1B21-85FB-495F-A190-5100188A00AE}.Release|Any CPU.ActiveCfg = Release|Any CPU
		{6D1E1B21-85FB-495F-A190-5100188A00AE}.Release|Any CPU.Build.0 = Release|Any CPU
		{AEFD0139-0D81-4903-AEB6-1984FE4F5853}.Debug|Any CPU.ActiveCfg = Debug|Any CPU
		{AEFD0139-0D81-4903-AEB6-1984FE4F5853}.Debug|Any CPU.Build.0 = Debug|Any CPU
		{AEFD0139-0D81-4903-AEB6-1984FE4F5853}.Release|Any CPU.ActiveCfg = Release|Any CPU
		{AEFD0139-0D81-4903-AEB6-1984FE4F5853}.Release|Any CPU.Build.0 = Release|Any CPU
	EndGlobalSection
	GlobalSection(SolutionProperties) = preSolution
		HideSolutionNode = FALSE
	EndGlobalSection
EndGlobal
